
Microsoft Visual Studio Solution File, Format Version 12.00
# Visual Studio 15
VisualStudioVersion = 15.0.27004.2009
MinimumVisualStudioVersion = 10.0.40219.1
Project("{FAE04EC0-301F-11D3-BF4B-00C04F79EFBC}") = "PotosToursApp", "PotosToursApp\PotosToursApp\PotosToursApp.csproj", "{F1363278-B868-435C-B427-EE87B280A28A}"
EndProject
Project("{FAE04EC0-301F-11D3-BF4B-00C04F79EFBC}") = "PotosToursApp.Android", "PotosToursApp\PotosToursApp.Android\PotosToursApp.Android.csproj", "{C528A6CE-6BB0-4A94-AAB1-B76BB18EA111}"
EndProject
Project("{FAE04EC0-301F-11D3-BF4B-00C04F79EFBC}") = "PotosToursApp.iOS", "PotosToursApp\PotosToursApp.iOS\PotosToursApp.iOS.csproj", "{C80E0F8B-3B4A-4C99-95C3-A7974460C914}"
EndProject
Project("{FAE04EC0-301F-11D3-BF4B-00C04F79EFBC}") = "PotosToursApp.UWP", "PotosToursApp\PotosToursApp.UWP\PotosToursApp.UWP.csproj", "{EF568B48-4785-4799-BFE0-16B5004D2B71}"
EndProject
Global
	GlobalSection(SolutionConfigurationPlatforms) = preSolution
		Ad-Hoc|Any CPU = Ad-Hoc|Any CPU
		Ad-Hoc|ARM = Ad-Hoc|ARM
		Ad-Hoc|iPhone = Ad-Hoc|iPhone
		Ad-Hoc|iPhoneSimulator = Ad-Hoc|iPhoneSimulator
		Ad-Hoc|x64 = Ad-Hoc|x64
		Ad-Hoc|x86 = Ad-Hoc|x86
		AppStore|Any CPU = AppStore|Any CPU
		AppStore|ARM = AppStore|ARM
		AppStore|iPhone = AppStore|iPhone
		AppStore|iPhoneSimulator = AppStore|iPhoneSimulator
		AppStore|x64 = AppStore|x64
		AppStore|x86 = AppStore|x86
		Debug|Any CPU = Debug|Any CPU
		Debug|ARM = Debug|ARM
		Debug|iPhone = Debug|iPhone
		Debug|iPhoneSimulator = Debug|iPhoneSimulator
		Debug|x64 = Debug|x64
		Debug|x86 = Debug|x86
		Release|Any CPU = Release|Any CPU
		Release|ARM = Release|ARM
		Release|iPhone = Release|iPhone
		Release|iPhoneSimulator = Release|iPhoneSimulator
		Release|x64 = Release|x64
		Release|x86 = Release|x86
	EndGlobalSection
	GlobalSection(ProjectConfigurationPlatforms) = postSolution
		{F1363278-B868-435C-B427-EE87B280A28A}.Ad-Hoc|Any CPU.ActiveCfg = Debug|Any CPU
		{F1363278-B868-435C-B427-EE87B280A28A}.Ad-Hoc|Any CPU.Build.0 = Debug|Any CPU
		{F1363278-B868-435C-B427-EE87B280A28A}.Ad-Hoc|ARM.ActiveCfg = Debug|Any CPU
		{F1363278-B868-435C-B427-EE87B280A28A}.Ad-Hoc|ARM.Build.0 = Debug|Any CPU
		{F1363278-B868-435C-B427-EE87B280A28A}.Ad-Hoc|iPhone.ActiveCfg = Debug|Any CPU
		{F1363278-B868-435C-B427-EE87B280A28A}.Ad-Hoc|iPhone.Build.0 = Debug|Any CPU
		{F1363278-B868-435C-B427-EE87B280A28A}.Ad-Hoc|iPhoneSimulator.ActiveCfg = Debug|Any CPU
		{F1363278-B868-435C-B427-EE87B280A28A}.Ad-Hoc|iPhoneSimulator.Build.0 = Debug|Any CPU
		{F1363278-B868-435C-B427-EE87B280A28A}.Ad-Hoc|x64.ActiveCfg = Debug|Any CPU
		{F1363278-B868-435C-B427-EE87B280A28A}.Ad-Hoc|x64.Build.0 = Debug|Any CPU
		{F1363278-B868-435C-B427-EE87B280A28A}.Ad-Hoc|x86.ActiveCfg = Debug|Any CPU
		{F1363278-B868-435C-B427-EE87B280A28A}.Ad-Hoc|x86.Build.0 = Debug|Any CPU
		{F1363278-B868-435C-B427-EE87B280A28A}.AppStore|Any CPU.ActiveCfg = Debug|Any CPU
		{F1363278-B868-435C-B427-EE87B280A28A}.AppStore|Any CPU.Build.0 = Debug|Any CPU
		{F1363278-B868-435C-B427-EE87B280A28A}.AppStore|ARM.ActiveCfg = Debug|Any CPU
		{F1363278-B868-435C-B427-EE87B280A28A}.AppStore|ARM.Build.0 = Debug|Any CPU
		{F1363278-B868-435C-B427-EE87B280A28A}.AppStore|iPhone.ActiveCfg = Debug|Any CPU
		{F1363278-B868-435C-B427-EE87B280A28A}.AppStore|iPhone.Build.0 = Debug|Any CPU
		{F1363278-B868-435C-B427-EE87B280A28A}.AppStore|iPhoneSimulator.ActiveCfg = Debug|Any CPU
		{F1363278-B868-435C-B427-EE87B280A28A}.AppStore|iPhoneSimulator.Build.0 = Debug|Any CPU
		{F1363278-B868-435C-B427-EE87B280A28A}.AppStore|x64.ActiveCfg = Debug|Any CPU
		{F1363278-B868-435C-B427-EE87B280A28A}.AppStore|x64.Build.0 = Debug|Any CPU
		{F1363278-B868-435C-B427-EE87B280A28A}.AppStore|x86.ActiveCfg = Debug|Any CPU
		{F1363278-B868-435C-B427-EE87B280A28A}.AppStore|x86.Build.0 = Debug|Any CPU
		{F1363278-B868-435C-B427-EE87B280A28A}.Debug|Any CPU.ActiveCfg = Debug|Any CPU
		{F1363278-B868-435C-B427-EE87B280A28A}.Debug|Any CPU.Build.0 = Debug|Any CPU
		{F1363278-B868-435C-B427-EE87B280A28A}.Debug|ARM.ActiveCfg = Debug|Any CPU
		{F1363278-B868-435C-B427-EE87B280A28A}.Debug|ARM.Build.0 = Debug|Any CPU
		{F1363278-B868-435C-B427-EE87B280A28A}.Debug|iPhone.ActiveCfg = Debug|Any CPU
		{F1363278-B868-435C-B427-EE87B280A28A}.Debug|iPhone.Build.0 = Debug|Any CPU
		{F1363278-B868-435C-B427-EE87B280A28A}.Debug|iPhoneSimulator.ActiveCfg = Debug|Any CPU
		{F1363278-B868-435C-B427-EE87B280A28A}.Debug|iPhoneSimulator.Build.0 = Debug|Any CPU
		{F1363278-B868-435C-B427-EE87B280A28A}.Debug|x64.ActiveCfg = Debug|Any CPU
		{F1363278-B868-435C-B427-EE87B280A28A}.Debug|x64.Build.0 = Debug|Any CPU
		{F1363278-B868-435C-B427-EE87B280A28A}.Debug|x86.ActiveCfg = Debug|Any CPU
		{F1363278-B868-435C-B427-EE87B280A28A}.Debug|x86.Build.0 = Debug|Any CPU
		{F1363278-B868-435C-B427-EE87B280A28A}.Release|Any CPU.ActiveCfg = Release|Any CPU
		{F1363278-B868-435C-B427-EE87B280A28A}.Release|Any CPU.Build.0 = Release|Any CPU
		{F1363278-B868-435C-B427-EE87B280A28A}.Release|ARM.ActiveCfg = Release|Any CPU
		{F1363278-B868-435C-B427-EE87B280A28A}.Release|ARM.Build.0 = Release|Any CPU
		{F1363278-B868-435C-B427-EE87B280A28A}.Release|iPhone.ActiveCfg = Release|Any CPU
		{F1363278-B868-435C-B427-EE87B280A28A}.Release|iPhone.Build.0 = Release|Any CPU
		{F1363278-B868-435C-B427-EE87B280A28A}.Release|iPhoneSimulator.ActiveCfg = Release|Any CPU
		{F1363278-B868-435C-B427-EE87B280A28A}.Release|iPhoneSimulator.Build.0 = Release|Any CPU
		{F1363278-B868-435C-B427-EE87B280A28A}.Release|x64.ActiveCfg = Release|Any CPU
		{F1363278-B868-435C-B427-EE87B280A28A}.Release|x64.Build.0 = Release|Any CPU
		{F1363278-B868-435C-B427-EE87B280A28A}.Release|x86.ActiveCfg = Release|Any CPU
		{F1363278-B868-435C-B427-EE87B280A28A}.Release|x86.Build.0 = Release|Any CPU
		{C528A6CE-6BB0-4A94-AAB1-B76BB18EA111}.Ad-Hoc|Any CPU.ActiveCfg = Release|Any CPU
		{C528A6CE-6BB0-4A94-AAB1-B76BB18EA111}.Ad-Hoc|Any CPU.Build.0 = Release|Any CPU
		{C528A6CE-6BB0-4A94-AAB1-B76BB18EA111}.Ad-Hoc|Any CPU.Deploy.0 = Release|Any CPU
		{C528A6CE-6BB0-4A94-AAB1-B76BB18EA111}.Ad-Hoc|ARM.ActiveCfg = Release|Any CPU
		{C528A6CE-6BB0-4A94-AAB1-B76BB18EA111}.Ad-Hoc|ARM.Build.0 = Release|Any CPU
		{C528A6CE-6BB0-4A94-AAB1-B76BB18EA111}.Ad-Hoc|ARM.Deploy.0 = Release|Any CPU
		{C528A6CE-6BB0-4A94-AAB1-B76BB18EA111}.Ad-Hoc|iPhone.ActiveCfg = Release|Any CPU
		{C528A6CE-6BB0-4A94-AAB1-B76BB18EA111}.Ad-Hoc|iPhone.Build.0 = Release|Any CPU
		{C528A6CE-6BB0-4A94-AAB1-B76BB18EA111}.Ad-Hoc|iPhone.Deploy.0 = Release|Any CPU
		{C528A6CE-6BB0-4A94-AAB1-B76BB18EA111}.Ad-Hoc|iPhoneSimulator.ActiveCfg = Release|Any CPU
		{C528A6CE-6BB0-4A94-AAB1-B76BB18EA111}.Ad-Hoc|iPhoneSimulator.Build.0 = Release|Any CPU
		{C528A6CE-6BB0-4A94-AAB1-B76BB18EA111}.Ad-Hoc|iPhoneSimulator.Deploy.0 = Release|Any CPU
		{C528A6CE-6BB0-4A94-AAB1-B76BB18EA111}.Ad-Hoc|x64.ActiveCfg = Release|Any CPU
		{C528A6CE-6BB0-4A94-AAB1-B76BB18EA111}.Ad-Hoc|x64.Build.0 = Release|Any CPU
		{C528A6CE-6BB0-4A94-AAB1-B76BB18EA111}.Ad-Hoc|x64.Deploy.0 = Release|Any CPU
		{C528A6CE-6BB0-4A94-AAB1-B76BB18EA111}.Ad-Hoc|x86.ActiveCfg = Release|Any CPU
		{C528A6CE-6BB0-4A94-AAB1-B76BB18EA111}.Ad-Hoc|x86.Build.0 = Release|Any CPU
		{C528A6CE-6BB0-4A94-AAB1-B76BB18EA111}.Ad-Hoc|x86.Deploy.0 = Release|Any CPU
		{C528A6CE-6BB0-4A94-AAB1-B76BB18EA111}.AppStore|Any CPU.ActiveCfg = Release|Any CPU
		{C528A6CE-6BB0-4A94-AAB1-B76BB18EA111}.AppStore|Any CPU.Build.0 = Release|Any CPU
		{C528A6CE-6BB0-4A94-AAB1-B76BB18EA111}.AppStore|Any CPU.Deploy.0 = Release|Any CPU
		{C528A6CE-6BB0-4A94-AAB1-B76BB18EA111}.AppStore|ARM.ActiveCfg = Release|Any CPU
		{C528A6CE-6BB0-4A94-AAB1-B76BB18EA111}.AppStore|ARM.Build.0 = Release|Any CPU
		{C528A6CE-6BB0-4A94-AAB1-B76BB18EA111}.AppStore|ARM.Deploy.0 = Release|Any CPU
		{C528A6CE-6BB0-4A94-AAB1-B76BB18EA111}.AppStore|iPhone.ActiveCfg = Release|Any CPU
		{C528A6CE-6BB0-4A94-AAB1-B76BB18EA111}.AppStore|iPhone.Build.0 = Release|Any CPU
		{C528A6CE-6BB0-4A94-AAB1-B76BB18EA111}.AppStore|iPhone.Deploy.0 = Release|Any CPU
		{C528A6CE-6BB0-4A94-AAB1-B76BB18EA111}.AppStore|iPhoneSimulator.ActiveCfg = Release|Any CPU
		{C528A6CE-6BB0-4A94-AAB1-B76BB18EA111}.AppStore|iPhoneSimulator.Build.0 = Release|Any CPU
		{C528A6CE-6BB0-4A94-AAB1-B76BB18EA111}.AppStore|iPhoneSimulator.Deploy.0 = Release|Any CPU
		{C528A6CE-6BB0-4A94-AAB1-B76BB18EA111}.AppStore|x64.ActiveCfg = Release|Any CPU
		{C528A6CE-6BB0-4A94-AAB1-B76BB18EA111}.AppStore|x64.Build.0 = Release|Any CPU
		{C528A6CE-6BB0-4A94-AAB1-B76BB18EA111}.AppStore|x64.Deploy.0 = Release|Any CPU
		{C528A6CE-6BB0-4A94-AAB1-B76BB18EA111}.AppStore|x86.ActiveCfg = Release|Any CPU
		{C528A6CE-6BB0-4A94-AAB1-B76BB18EA111}.AppStore|x86.Build.0 = Release|Any CPU
		{C528A6CE-6BB0-4A94-AAB1-B76BB18EA111}.AppStore|x86.Deploy.0 = Release|Any CPU
		{C528A6CE-6BB0-4A94-AAB1-B76BB18EA111}.Debug|Any CPU.ActiveCfg = Debug|Any CPU
		{C528A6CE-6BB0-4A94-AAB1-B76BB18EA111}.Debug|Any CPU.Build.0 = Debug|Any CPU
		{C528A6CE-6BB0-4A94-AAB1-B76BB18EA111}.Debug|Any CPU.Deploy.0 = Debug|Any CPU
		{C528A6CE-6BB0-4A94-AAB1-B76BB18EA111}.Debug|ARM.ActiveCfg = Debug|Any CPU
		{C528A6CE-6BB0-4A94-AAB1-B76BB18EA111}.Debug|ARM.Build.0 = Debug|Any CPU
		{C528A6CE-6BB0-4A94-AAB1-B76BB18EA111}.Debug|ARM.Deploy.0 = Debug|Any CPU
		{C528A6CE-6BB0-4A94-AAB1-B76BB18EA111}.Debug|iPhone.ActiveCfg = Debug|Any CPU
		{C528A6CE-6BB0-4A94-AAB1-B76BB18EA111}.Debug|iPhone.Build.0 = Debug|Any CPU
		{C528A6CE-6BB0-4A94-AAB1-B76BB18EA111}.Debug|iPhone.Deploy.0 = Debug|Any CPU
		{C528A6CE-6BB0-4A94-AAB1-B76BB18EA111}.Debug|iPhoneSimulator.ActiveCfg = Debug|Any CPU
		{C528A6CE-6BB0-4A94-AAB1-B76BB18EA111}.Debug|iPhoneSimulator.Build.0 = Debug|Any CPU
		{C528A6CE-6BB0-4A94-AAB1-B76BB18EA111}.Debug|iPhoneSimulator.Deploy.0 = Debug|Any CPU
		{C528A6CE-6BB0-4A94-AAB1-B76BB18EA111}.Debug|x64.ActiveCfg = Debug|Any CPU
		{C528A6CE-6BB0-4A94-AAB1-B76BB18EA111}.Debug|x64.Build.0 = Debug|Any CPU
		{C528A6CE-6BB0-4A94-AAB1-B76BB18EA111}.Debug|x64.Deploy.0 = Debug|Any CPU
		{C528A6CE-6BB0-4A94-AAB1-B76BB18EA111}.Debug|x86.ActiveCfg = Debug|Any CPU
		{C528A6CE-6BB0-4A94-AAB1-B76BB18EA111}.Debug|x86.Build.0 = Debug|Any CPU
		{C528A6CE-6BB0-4A94-AAB1-B76BB18EA111}.Debug|x86.Deploy.0 = Debug|Any CPU
		{C528A6CE-6BB0-4A94-AAB1-B76BB18EA111}.Release|Any CPU.ActiveCfg = Release|Any CPU
		{C528A6CE-6BB0-4A94-AAB1-B76BB18EA111}.Release|Any CPU.Build.0 = Release|Any CPU
		{C528A6CE-6BB0-4A94-AAB1-B76BB18EA111}.Release|Any CPU.Deploy.0 = Release|Any CPU
		{C528A6CE-6BB0-4A94-AAB1-B76BB18EA111}.Release|ARM.ActiveCfg = Release|Any CPU
		{C528A6CE-6BB0-4A94-AAB1-B76BB18EA111}.Release|ARM.Build.0 = Release|Any CPU
		{C528A6CE-6BB0-4A94-AAB1-B76BB18EA111}.Release|ARM.Deploy.0 = Release|Any CPU
		{C528A6CE-6BB0-4A94-AAB1-B76BB18EA111}.Release|iPhone.ActiveCfg = Release|Any CPU
		{C528A6CE-6BB0-4A94-AAB1-B76BB18EA111}.Release|iPhone.Build.0 = Release|Any CPU
		{C528A6CE-6BB0-4A94-AAB1-B76BB18EA111}.Release|iPhone.Deploy.0 = Release|Any CPU
		{C528A6CE-6BB0-4A94-AAB1-B76BB18EA111}.Release|iPhoneSimulator.ActiveCfg = Release|Any CPU
		{C528A6CE-6BB0-4A94-AAB1-B76BB18EA111}.Release|iPhoneSimulator.Build.0 = Release|Any CPU
		{C528A6CE-6BB0-4A94-AAB1-B76BB18EA111}.Release|iPhoneSimulator.Deploy.0 = Release|Any CPU
		{C528A6CE-6BB0-4A94-AAB1-B76BB18EA111}.Release|x64.ActiveCfg = Release|Any CPU
		{C528A6CE-6BB0-4A94-AAB1-B76BB18EA111}.Release|x64.Build.0 = Release|Any CPU
		{C528A6CE-6BB0-4A94-AAB1-B76BB18EA111}.Release|x64.Deploy.0 = Release|Any CPU
		{C528A6CE-6BB0-4A94-AAB1-B76BB18EA111}.Release|x86.ActiveCfg = Release|Any CPU
		{C528A6CE-6BB0-4A94-AAB1-B76BB18EA111}.Release|x86.Build.0 = Release|Any CPU
		{C528A6CE-6BB0-4A94-AAB1-B76BB18EA111}.Release|x86.Deploy.0 = Release|Any CPU
		{C80E0F8B-3B4A-4C99-95C3-A7974460C914}.Ad-Hoc|Any CPU.ActiveCfg = Ad-Hoc|iPhone
		{C80E0F8B-3B4A-4C99-95C3-A7974460C914}.Ad-Hoc|ARM.ActiveCfg = Ad-Hoc|iPhone
		{C80E0F8B-3B4A-4C99-95C3-A7974460C914}.Ad-Hoc|iPhone.ActiveCfg = Ad-Hoc|iPhone
		{C80E0F8B-3B4A-4C99-95C3-A7974460C914}.Ad-Hoc|iPhone.Build.0 = Ad-Hoc|iPhone
		{C80E0F8B-3B4A-4C99-95C3-A7974460C914}.Ad-Hoc|iPhoneSimulator.ActiveCfg = Ad-Hoc|iPhoneSimulator
		{C80E0F8B-3B4A-4C99-95C3-A7974460C914}.Ad-Hoc|iPhoneSimulator.Build.0 = Ad-Hoc|iPhoneSimulator
		{C80E0F8B-3B4A-4C99-95C3-A7974460C914}.Ad-Hoc|x64.ActiveCfg = Ad-Hoc|iPhone
		{C80E0F8B-3B4A-4C99-95C3-A7974460C914}.Ad-Hoc|x86.ActiveCfg = Ad-Hoc|iPhone
		{C80E0F8B-3B4A-4C99-95C3-A7974460C914}.AppStore|Any CPU.ActiveCfg = AppStore|iPhone
		{C80E0F8B-3B4A-4C99-95C3-A7974460C914}.AppStore|ARM.ActiveCfg = AppStore|iPhone
		{C80E0F8B-3B4A-4C99-95C3-A7974460C914}.AppStore|iPhone.ActiveCfg = AppStore|iPhone
		{C80E0F8B-3B4A-4C99-95C3-A7974460C914}.AppStore|iPhone.Build.0 = AppStore|iPhone
		{C80E0F8B-3B4A-4C99-95C3-A7974460C914}.AppStore|iPhoneSimulator.ActiveCfg = AppStore|iPhoneSimulator
		{C80E0F8B-3B4A-4C99-95C3-A7974460C914}.AppStore|iPhoneSimulator.Build.0 = AppStore|iPhoneSimulator
		{C80E0F8B-3B4A-4C99-95C3-A7974460C914}.AppStore|x64.ActiveCfg = AppStore|iPhone
		{C80E0F8B-3B4A-4C99-95C3-A7974460C914}.AppStore|x86.ActiveCfg = AppStore|iPhone
		{C80E0F8B-3B4A-4C99-95C3-A7974460C914}.Debug|Any CPU.ActiveCfg = Debug|iPhone
		{C80E0F8B-3B4A-4C99-95C3-A7974460C914}.Debug|ARM.ActiveCfg = Debug|iPhone
		{C80E0F8B-3B4A-4C99-95C3-A7974460C914}.Debug|iPhone.ActiveCfg = Debug|iPhone
		{C80E0F8B-3B4A-4C99-95C3-A7974460C914}.Debug|iPhone.Build.0 = Debug|iPhone
		{C80E0F8B-3B4A-4C99-95C3-A7974460C914}.Debug|iPhoneSimulator.ActiveCfg = Debug|iPhoneSimulator
		{C80E0F8B-3B4A-4C99-95C3-A7974460C914}.Debug|iPhoneSimulator.Build.0 = Debug|iPhoneSimulator
		{C80E0F8B-3B4A-4C99-95C3-A7974460C914}.Debug|x64.ActiveCfg = Debug|iPhone
		{C80E0F8B-3B4A-4C99-95C3-A7974460C914}.Debug|x86.ActiveCfg = Debug|iPhone
		{C80E0F8B-3B4A-4C99-95C3-A7974460C914}.Release|Any CPU.ActiveCfg = Release|iPhone
		{C80E0F8B-3B4A-4C99-95C3-A7974460C914}.Release|ARM.ActiveCfg = Release|iPhone
		{C80E0F8B-3B4A-4C99-95C3-A7974460C914}.Release|iPhone.ActiveCfg = Release|iPhone
		{C80E0F8B-3B4A-4C99-95C3-A7974460C914}.Release|iPhone.Build.0 = Release|iPhone
		{C80E0F8B-3B4A-4C99-95C3-A7974460C914}.Release|iPhoneSimulator.ActiveCfg = Release|iPhoneSimulator
		{C80E0F8B-3B4A-4C99-95C3-A7974460C914}.Release|iPhoneSimulator.Build.0 = Release|iPhoneSimulator
		{C80E0F8B-3B4A-4C99-95C3-A7974460C914}.Release|x64.ActiveCfg = Release|iPhone
		{C80E0F8B-3B4A-4C99-95C3-A7974460C914}.Release|x86.ActiveCfg = Release|iPhone
		{EF568B48-4785-4799-BFE0-16B5004D2B71}.Ad-Hoc|Any CPU.ActiveCfg = Release|x86
		{EF568B48-4785-4799-BFE0-16B5004D2B71}.Ad-Hoc|Any CPU.Build.0 = Release|x86
		{EF568B48-4785-4799-BFE0-16B5004D2B71}.Ad-Hoc|Any CPU.Deploy.0 = Release|x86
		{EF568B48-4785-4799-BFE0-16B5004D2B71}.Ad-Hoc|ARM.ActiveCfg = Release|ARM
		{EF568B48-4785-4799-BFE0-16B5004D2B71}.Ad-Hoc|ARM.Build.0 = Release|ARM
		{EF568B48-4785-4799-BFE0-16B5004D2B71}.Ad-Hoc|ARM.Deploy.0 = Release|ARM
		{EF568B48-4785-4799-BFE0-16B5004D2B71}.Ad-Hoc|iPhone.ActiveCfg = Release|x86
		{EF568B48-4785-4799-BFE0-16B5004D2B71}.Ad-Hoc|iPhone.Build.0 = Release|x86
		{EF568B48-4785-4799-BFE0-16B5004D2B71}.Ad-Hoc|iPhone.Deploy.0 = Release|x86
		{EF568B48-4785-4799-BFE0-16B5004D2B71}.Ad-Hoc|iPhoneSimulator.ActiveCfg = Release|x86
		{EF568B48-4785-4799-BFE0-16B5004D2B71}.Ad-Hoc|iPhoneSimulator.Build.0 = Release|x86
		{EF568B48-4785-4799-BFE0-16B5004D2B71}.Ad-Hoc|iPhoneSimulator.Deploy.0 = Release|x86
		{EF568B48-4785-4799-BFE0-16B5004D2B71}.Ad-Hoc|x64.ActiveCfg = Release|x64
		{EF568B48-4785-4799-BFE0-16B5004D2B71}.Ad-Hoc|x64.Build.0 = Release|x64
		{EF568B48-4785-4799-BFE0-16B5004D2B71}.Ad-Hoc|x64.Deploy.0 = Release|x64
		{EF568B48-4785-4799-BFE0-16B5004D2B71}.Ad-Hoc|x86.ActiveCfg = Release|x86
		{EF568B48-4785-4799-BFE0-16B5004D2B71}.Ad-Hoc|x86.Build.0 = Release|x86
		{EF568B48-4785-4799-BFE0-16B5004D2B71}.Ad-Hoc|x86.Deploy.0 = Release|x86
		{EF568B48-4785-4799-BFE0-16B5004D2B71}.AppStore|Any CPU.ActiveCfg = Release|x86
		{EF568B48-4785-4799-BFE0-16B5004D2B71}.AppStore|Any CPU.Build.0 = Release|x86
		{EF568B48-4785-4799-BFE0-16B5004D2B71}.AppStore|Any CPU.Deploy.0 = Release|x86
		{EF568B48-4785-4799-BFE0-16B5004D2B71}.AppStore|ARM.ActiveCfg = Release|ARM
		{EF568B48-4785-4799-BFE0-16B5004D2B71}.AppStore|ARM.Build.0 = Release|ARM
		{EF568B48-4785-4799-BFE0-16B5004D2B71}.AppStore|ARM.Deploy.0 = Release|ARM
		{EF568B48-4785-4799-BFE0-16B5004D2B71}.AppStore|iPhone.ActiveCfg = Release|x86
		{EF568B48-4785-4799-BFE0-16B5004D2B71}.AppStore|iPhone.Build.0 = Release|x86
		{EF568B48-4785-4799-BFE0-16B5004D2B71}.AppStore|iPhone.Deploy.0 = Release|x86
		{EF568B48-4785-4799-BFE0-16B5004D2B71}.AppStore|iPhoneSimulator.ActiveCfg = Release|x86
		{EF568B48-4785-4799-BFE0-16B5004D2B71}.AppStore|iPhoneSimulator.Build.0 = Release|x86
		{EF568B48-4785-4799-BFE0-16B5004D2B71}.AppStore|iPhoneSimulator.Deploy.0 = Release|x86
		{EF568B48-4785-4799-BFE0-16B5004D2B71}.AppStore|x64.ActiveCfg = Release|x64
		{EF568B48-4785-4799-BFE0-16B5004D2B71}.AppStore|x64.Build.0 = Release|x64
		{EF568B48-4785-4799-BFE0-16B5004D2B71}.AppStore|x64.Deploy.0 = Release|x64
		{EF568B48-4785-4799-BFE0-16B5004D2B71}.AppStore|x86.ActiveCfg = Release|x86
		{EF568B48-4785-4799-BFE0-16B5004D2B71}.AppStore|x86.Build.0 = Release|x86
		{EF568B48-4785-4799-BFE0-16B5004D2B71}.AppStore|x86.Deploy.0 = Release|x86
		{EF568B48-4785-4799-BFE0-16B5004D2B71}.Debug|Any CPU.ActiveCfg = Debug|x86
		{EF568B48-4785-4799-BFE0-16B5004D2B71}.Debug|ARM.ActiveCfg = Debug|ARM
		{EF568B48-4785-4799-BFE0-16B5004D2B71}.Debug|ARM.Build.0 = Debug|ARM
		{EF568B48-4785-4799-BFE0-16B5004D2B71}.Debug|ARM.Deploy.0 = Debug|ARM
		{EF568B48-4785-4799-BFE0-16B5004D2B71}.Debug|iPhone.ActiveCfg = Debug|x86
		{EF568B48-4785-4799-BFE0-16B5004D2B71}.Debug|iPhoneSimulator.ActiveCfg = Debug|x86
		{EF568B48-4785-4799-BFE0-16B5004D2B71}.Debug|x64.ActiveCfg = Debug|x64
		{EF568B48-4785-4799-BFE0-16B5004D2B71}.Debug|x64.Build.0 = Debug|x64
		{EF568B48-4785-4799-BFE0-16B5004D2B71}.Debug|x64.Deploy.0 = Debug|x64
		{EF568B48-4785-4799-BFE0-16B5004D2B71}.Debug|x86.ActiveCfg = Debug|x86
		{EF568B48-4785-4799-BFE0-16B5004D2B71}.Debug|x86.Build.0 = Debug|x86
		{EF568B48-4785-4799-BFE0-16B5004D2B71}.Debug|x86.Deploy.0 = Debug|x86
		{EF568B48-4785-4799-BFE0-16B5004D2B71}.Release|Any CPU.ActiveCfg = Release|x86
		{EF568B48-4785-4799-BFE0-16B5004D2B71}.Release|ARM.ActiveCfg = Release|ARM
		{EF568B48-4785-4799-BFE0-16B5004D2B71}.Release|ARM.Build.0 = Release|ARM
		{EF568B48-4785-4799-BFE0-16B5004D2B71}.Release|ARM.Deploy.0 = Release|ARM
		{EF568B48-4785-4799-BFE0-16B5004D2B71}.Release|iPhone.ActiveCfg = Release|x86
		{EF568B48-4785-4799-BFE0-16B5004D2B71}.Release|iPhoneSimulator.ActiveCfg = Release|x86
		{EF568B48-4785-4799-BFE0-16B5004D2B71}.Release|x64.ActiveCfg = Release|x64
		{EF568B48-4785-4799-BFE0-16B5004D2B71}.Release|x64.Build.0 = Release|x64
		{EF568B48-4785-4799-BFE0-16B5004D2B71}.Release|x64.Deploy.0 = Release|x64
		{EF568B48-4785-4799-BFE0-16B5004D2B71}.Release|x86.ActiveCfg = Release|x86
		{EF568B48-4785-4799-BFE0-16B5004D2B71}.Release|x86.Build.0 = Release|x86
		{EF568B48-4785-4799-BFE0-16B5004D2B71}.Release|x86.Deploy.0 = Release|x86
	EndGlobalSection
	GlobalSection(SolutionProperties) = preSolution
		HideSolutionNode = FALSE
	EndGlobalSection
	GlobalSection(ExtensibilityGlobals) = postSolution
		SolutionGuid = {A19DAA8F-A4EA-4CDD-BABA-20663E59ECC2}
	EndGlobalSection
EndGlobal
